
Microsoft Visual Studio Solution File, Format Version 12.00
# Visual Studio Version 17
VisualStudioVersion = 17.7.34018.315
MinimumVisualStudioVersion = 10.0.40219.1
Project("{FAE04EC0-301F-11D3-BF4B-00C04F79EFBC}") = "UAA14_I3_Aymeric", "UAA14_I3_Aymeric.csproj", "{5B05ACA3-C90B-4AD1-8705-7F690634AC60}"
EndProject
Global
	GlobalSection(SolutionConfigurationPlatforms) = preSolution
		Debug|Any CPU = Debug|Any CPU
		Release|Any CPU = Release|Any CPU
	EndGlobalSection
	GlobalSection(ProjectConfigurationPlatforms) = postSolution
		{5B05ACA3-C90B-4AD1-8705-7F690634AC60}.Debug|Any CPU.ActiveCfg = Debug|Any CPU
		{5B05ACA3-C90B-4AD1-8705-7F690634AC60}.Debug|Any CPU.Build.0 = Debug|Any CPU
		{5B05ACA3-C90B-4AD1-8705-7F690634AC60}.Release|Any CPU.ActiveCfg = Release|Any CPU
		{5B05ACA3-C90B-4AD1-8705-7F690634AC60}.Release|Any CPU.Build.0 = Release|Any CPU
	EndGlobalSection
	GlobalSection(SolutionProperties) = preSolution
		HideSolutionNode = FALSE
	EndGlobalSection
	GlobalSection(ExtensibilityGlobals) = postSolution
		SolutionGuid = {3F09D1D8-C904-4D89-A99B-0F433E2F4D81}
	EndGlobalSection
EndGlobal
