
Microsoft Visual Studio Solution File, Format Version 12.00
# Visual Studio Version 17
VisualStudioVersion = 17.7.34018.315
MinimumVisualStudioVersion = 10.0.40219.1
Project("{FAE04EC0-301F-11D3-BF4B-00C04F79EFBC}") = "6TTI_WPFACT00EX06_AY", "6TTI_WPFACT00EX06_AY.csproj", "{38713A22-895C-41CE-8CA7-CF6080F14681}"
EndProject
Global
	GlobalSection(SolutionConfigurationPlatforms) = preSolution
		Debug|Any CPU = Debug|Any CPU
		Release|Any CPU = Release|Any CPU
	EndGlobalSection
	GlobalSection(ProjectConfigurationPlatforms) = postSolution
		{38713A22-895C-41CE-8CA7-CF6080F14681}.Debug|Any CPU.ActiveCfg = Debug|Any CPU
		{38713A22-895C-41CE-8CA7-CF6080F14681}.Debug|Any CPU.Build.0 = Debug|Any CPU
		{38713A22-895C-41CE-8CA7-CF6080F14681}.Release|Any CPU.ActiveCfg = Release|Any CPU
		{38713A22-895C-41CE-8CA7-CF6080F14681}.Release|Any CPU.Build.0 = Release|Any CPU
	EndGlobalSection
	GlobalSection(SolutionProperties) = preSolution
		HideSolutionNode = FALSE
	EndGlobalSection
	GlobalSection(ExtensibilityGlobals) = postSolution
		SolutionGuid = {BB2DA676-3E1A-41F7-B826-303D7B16394B}
	EndGlobalSection
EndGlobal
