
Microsoft Visual Studio Solution File, Format Version 12.00
# Visual Studio Version 17
VisualStudioVersion = 17.7.34018.315
MinimumVisualStudioVersion = 10.0.40219.1
Project("{FAE04EC0-301F-11D3-BF4B-00C04F79EFBC}") = "6TTI_WPFACT00EX01_AY", "6TTI_WPFACT00EX01_AY.csproj", "{4BF28C04-131D-40CB-B8FA-9F22CB75ED8C}"
EndProject
Global
	GlobalSection(SolutionConfigurationPlatforms) = preSolution
		Debug|Any CPU = Debug|Any CPU
		Release|Any CPU = Release|Any CPU
	EndGlobalSection
	GlobalSection(ProjectConfigurationPlatforms) = postSolution
		{4BF28C04-131D-40CB-B8FA-9F22CB75ED8C}.Debug|Any CPU.ActiveCfg = Debug|Any CPU
		{4BF28C04-131D-40CB-B8FA-9F22CB75ED8C}.Debug|Any CPU.Build.0 = Debug|Any CPU
		{4BF28C04-131D-40CB-B8FA-9F22CB75ED8C}.Release|Any CPU.ActiveCfg = Release|Any CPU
		{4BF28C04-131D-40CB-B8FA-9F22CB75ED8C}.Release|Any CPU.Build.0 = Release|Any CPU
	EndGlobalSection
	GlobalSection(SolutionProperties) = preSolution
		HideSolutionNode = FALSE
	EndGlobalSection
	GlobalSection(ExtensibilityGlobals) = postSolution
		SolutionGuid = {7021EF35-EDD7-43A8-A8C9-561B43FFDC29}
	EndGlobalSection
EndGlobal
